
Microsoft Visual Studio Solution File, Format Version 12.00
# Visual Studio Version 17
VisualStudioVersion = 17.14.36221.1 d17.14
MinimumVisualStudioVersion = 10.0.40219.1
Project("{FAE04EC0-301F-11D3-BF4B-00C04F79EFBC}") = "B241210094_VTYS", "B241210094_VTYS.csproj", "{711D03A0-3B42-4D72-99BD-94215AF82650}"
EndProject
Global
	GlobalSection(SolutionConfigurationPlatforms) = preSolution
		Debug|Any CPU = Debug|Any CPU
		Release|Any CPU = Release|Any CPU
	EndGlobalSection
	GlobalSection(ProjectConfigurationPlatforms) = postSolution
		{711D03A0-3B42-4D72-99BD-94215AF82650}.Debug|Any CPU.ActiveCfg = Debug|Any CPU
		{711D03A0-3B42-4D72-99BD-94215AF82650}.Debug|Any CPU.Build.0 = Debug|Any CPU
		{711D03A0-3B42-4D72-99BD-94215AF82650}.Release|Any CPU.ActiveCfg = Release|Any CPU
		{711D03A0-3B42-4D72-99BD-94215AF82650}.Release|Any CPU.Build.0 = Release|Any CPU
	EndGlobalSection
	GlobalSection(SolutionProperties) = preSolution
		HideSolutionNode = FALSE
	EndGlobalSection
	GlobalSection(ExtensibilityGlobals) = postSolution
		SolutionGuid = {22B56A77-5074-4F89-8BF1-CECD801D3FD5}
	EndGlobalSection
EndGlobal
